schema: '2.0'
stages:
  prepare:
    cmd: python src/pipeline/prepare.py
    deps:
    - path: data/wine.csv
      md5: d9e5483a913470e5900c4b0989b9a9be
      size: 10948
    - path: src/pipeline/prepare.py
      md5: 8fc6a9c7c3ae707f6d3919fae19b36de
      size: 428
    params:
      params.yaml:
        prepare.split: 0.8
    outs:
    - path: data/prepared
      md5: 956668fd845230564031a81c9ed67816.dir
      size: 11650
      nfiles: 2
  train:
    cmd: python src/pipeline/train.py
    deps:
    - path: data/prepared/wine_test.csv
      md5: 631b99f0e9d761ff30fe78510977309e
      size: 2404
    - path: data/prepared/wine_train.csv
      md5: 922c780bc0b171a369a3757eac292309
      size: 9246
    - path: src/pipeline/train.py
      md5: 0e87acf50daf7969f7a76740faf8cd70
      size: 1122
    params:
      params.yaml:
        train.max_iter: 100
        train.seed: 0
    outs:
    - path: metrics/train
      md5: 3196d5dfdcdec415962c53a51c31f466.dir
      size: 50
      nfiles: 1
    - path: models/trained
      md5: eb3aa64e68e6ab029859c992fc794105.dir
      size: 1589
      nfiles: 1
  evaluate:
    cmd: python src/pipeline/evaluate.py
    deps:
    - path: data/prepared/wine_test.csv
      md5: 631b99f0e9d761ff30fe78510977309e
      size: 2404
    - path: models/trained/model.joblib
      md5: d7c2e5ce38f536e2ae70ef911bd6985a
      size: 1589
    - path: src/pipeline/evaluate.py
      md5: 00604c98ac674ccca670a412dcc07aea
      size: 1161
    outs:
    - path: metrics/test/metrics.json
      md5: 55431001a3cac7550fe6c9a6d708536e
      size: 1241
    - path: metrics/test/scores.json
      md5: 8ecdf08a91b4ceeb03965e089aedc90a
      size: 50
